// !$*UTF8*$!
{
	archiveVersion = 1;
	classes = {
	};
	objectVersion = 56;
	objects = {

/* Begin PBXBuildFile section */
		F32595532AAD771C0027DB3D /* UsersController.swift in Sources */ = {isa = PBXBuildFile; fileRef = F32595522AAD771C0027DB3D /* UsersController.swift */; };
		F32595552AAD77620027DB3D /* UsersInfo.swift in Sources */ = {isa = PBXBuildFile; fileRef = F32595542AAD77620027DB3D /* UsersInfo.swift */; };
		F34EEFF82AA16F0C004E22AC /* LeagueInfo.swift in Sources */ = {isa = PBXBuildFile; fileRef = F34EEFF72AA16F0C004E22AC /* LeagueInfo.swift */; };
		F34EEFFA2AA17313004E22AC /* LeagueController.swift in Sources */ = {isa = PBXBuildFile; fileRef = F34EEFF92AA17313004E22AC /* LeagueController.swift */; };
		F34EEFFC2AA17618004E22AC /* ContentViewController.swift in Sources */ = {isa = PBXBuildFile; fileRef = F34EEFFB2AA17618004E22AC /* ContentViewController.swift */; };
		F3A7DC182A9FB57900496553 /* DraftApp.swift in Sources */ = {isa = PBXBuildFile; fileRef = F3A7DC172A9FB57900496553 /* DraftApp.swift */; };
		F3A7DC1A2A9FB57900496553 /* ContentView.swift in Sources */ = {isa = PBXBuildFile; fileRef = F3A7DC192A9FB57900496553 /* ContentView.swift */; };
		F3A7DC1C2A9FB57A00496553 /* Assets.xcassets in Resources */ = {isa = PBXBuildFile; fileRef = F3A7DC1B2A9FB57A00496553 /* Assets.xcassets */; };
		F3A7DC1F2A9FB57A00496553 /* Preview Assets.xcassets in Resources */ = {isa = PBXBuildFile; fileRef = F3A7DC1E2A9FB57A00496553 /* Preview Assets.xcassets */; };
		F3EC57432AAEC52800E519EC /* RostersInfo.swift in Sources */ = {isa = PBXBuildFile; fileRef = F3EC57422AAEC52800E519EC /* RostersInfo.swift */; };
		F3EC57452AAEC79600E519EC /* RosterController.swift in Sources */ = {isa = PBXBuildFile; fileRef = F3EC57442AAEC79600E519EC /* RosterController.swift */; };
		F3EC57532AAEF9DC00E519EC /* UserData.swift in Sources */ = {isa = PBXBuildFile; fileRef = F3EC57522AAEF9DC00E519EC /* UserData.swift */; };
/* End PBXBuildFile section */

/* Begin PBXFileReference section */
		F32595522AAD771C0027DB3D /* UsersController.swift */ = {isa = PBXFileReference; lastKnownFileType = sourcecode.swift; path = UsersController.swift; sourceTree = "<group>"; };
		F32595542AAD77620027DB3D /* UsersInfo.swift */ = {isa = PBXFileReference; lastKnownFileType = sourcecode.swift; path = UsersInfo.swift; sourceTree = "<group>"; };
		F34EEFF72AA16F0C004E22AC /* LeagueInfo.swift */ = {isa = PBXFileReference; lastKnownFileType = sourcecode.swift; path = LeagueInfo.swift; sourceTree = "<group>"; };
		F34EEFF92AA17313004E22AC /* LeagueController.swift */ = {isa = PBXFileReference; lastKnownFileType = sourcecode.swift; path = LeagueController.swift; sourceTree = "<group>"; };
		F34EEFFB2AA17618004E22AC /* ContentViewController.swift */ = {isa = PBXFileReference; lastKnownFileType = sourcecode.swift; path = ContentViewController.swift; sourceTree = "<group>"; };
		F3A7DC142A9FB57900496553 /* Draft.app */ = {isa = PBXFileReference; explicitFileType = wrapper.application; includeInIndex = 0; path = Draft.app; sourceTree = BUILT_PRODUCTS_DIR; };
		F3A7DC172A9FB57900496553 /* DraftApp.swift */ = {isa = PBXFileReference; lastKnownFileType = sourcecode.swift; path = DraftApp.swift; sourceTree = "<group>"; };
		F3A7DC192A9FB57900496553 /* ContentView.swift */ = {isa = PBXFileReference; lastKnownFileType = sourcecode.swift; path = ContentView.swift; sourceTree = "<group>"; };
		F3A7DC1B2A9FB57A00496553 /* Assets.xcassets */ = {isa = PBXFileReference; lastKnownFileType = folder.assetcatalog; path = Assets.xcassets; sourceTree = "<group>"; };
		F3A7DC1E2A9FB57A00496553 /* Preview Assets.xcassets */ = {isa = PBXFileReference; lastKnownFileType = folder.assetcatalog; path = "Preview Assets.xcassets"; sourceTree = "<group>"; };
		F3EC57422AAEC52800E519EC /* RostersInfo.swift */ = {isa = PBXFileReference; lastKnownFileType = sourcecode.swift; path = RostersInfo.swift; sourceTree = "<group>"; };
		F3EC57442AAEC79600E519EC /* RosterController.swift */ = {isa = PBXFileReference; lastKnownFileType = sourcecode.swift; path = RosterController.swift; sourceTree = "<group>"; };
		F3EC57522AAEF9DC00E519EC /* UserData.swift */ = {isa = PBXFileReference; lastKnownFileType = sourcecode.swift; path = UserData.swift; sourceTree = "<group>"; };
/* End PBXFileReference section */

/* Begin PBXFrameworksBuildPhase section */
		F3A7DC112A9FB57900496553 /* Frameworks */ = {
			isa = PBXFrameworksBuildPhase;
			buildActionMask = 2147483647;
			files = (
			);
			runOnlyForDeploymentPostprocessing = 0;
		};
/* End PBXFrameworksBuildPhase section */

/* Begin PBXGroup section */
		F325952F2AAD48410027DB3D /* League */ = {
			isa = PBXGroup;
			children = (
				F34EEFF92AA17313004E22AC /* LeagueController.swift */,
				F34EEFF72AA16F0C004E22AC /* LeagueInfo.swift */,
			);
			path = League;
			sourceTree = "<group>";
		};
		F32595562AAD77690027DB3D /* Users */ = {
			isa = PBXGroup;
			children = (
				F32595522AAD771C0027DB3D /* UsersController.swift */,
				F32595542AAD77620027DB3D /* UsersInfo.swift */,
			);
			path = Users;
			sourceTree = "<group>";
		};
		F3A7DC0B2A9FB57900496553 = {
			isa = PBXGroup;
			children = (
				F3A7DC162A9FB57900496553 /* Draft */,
				F3A7DC152A9FB57900496553 /* Products */,
			);
			sourceTree = "<group>";
		};
		F3A7DC152A9FB57900496553 /* Products */ = {
			isa = PBXGroup;
			children = (
				F3A7DC142A9FB57900496553 /* Draft.app */,
			);
			name = Products;
			sourceTree = "<group>";
		};
		F3A7DC162A9FB57900496553 /* Draft */ = {
			isa = PBXGroup;
			children = (
				F3A7DC172A9FB57900496553 /* DraftApp.swift */,
				F3A7DC192A9FB57900496553 /* ContentView.swift */,
				F3EC57522AAEF9DC00E519EC /* UserData.swift */,
				F34EEFFB2AA17618004E22AC /* ContentViewController.swift */,
				F3EC574F2AAED77000E519EC /* API Calls */,
				F3A7DC1B2A9FB57A00496553 /* Assets.xcassets */,
				F3A7DC1D2A9FB57A00496553 /* Preview Content */,
			);
			path = Draft;
			sourceTree = "<group>";
		};
		F3A7DC1D2A9FB57A00496553 /* Preview Content */ = {
			isa = PBXGroup;
			children = (
				F3A7DC1E2A9FB57A00496553 /* Preview Assets.xcassets */,
			);
			path = "Preview Content";
			sourceTree = "<group>";
		};
		F3EC57462AAEC7D900E519EC /* Rosters */ = {
			isa = PBXGroup;
			children = (
				F3EC57422AAEC52800E519EC /* RostersInfo.swift */,
				F3EC57442AAEC79600E519EC /* RosterController.swift */,
			);
			path = Rosters;
			sourceTree = "<group>";
		};
		F3EC574F2AAED77000E519EC /* API Calls */ = {
			isa = PBXGroup;
			children = (
				F3EC57462AAEC7D900E519EC /* Rosters */,
				F32595562AAD77690027DB3D /* Users */,
				F325952F2AAD48410027DB3D /* League */,
			);
			path = "API Calls";
			sourceTree = "<group>";
		};
/* End PBXGroup section */

/* Begin PBXNativeTarget section */
		F3A7DC132A9FB57900496553 /* Draft */ = {
			isa = PBXNativeTarget;
			buildConfigurationList = F3A7DC222A9FB57A00496553 /* Build configuration list for PBXNativeTarget "Draft" */;
			buildPhases = (
				F3A7DC102A9FB57900496553 /* Sources */,
				F3A7DC112A9FB57900496553 /* Frameworks */,
				F3A7DC122A9FB57900496553 /* Resources */,
			);
			buildRules = (
			);
			dependencies = (
			);
			name = Draft;
			productName = Draft;
			productReference = F3A7DC142A9FB57900496553 /* Draft.app */;
			productType = "com.apple.product-type.application";
		};
/* End PBXNativeTarget section */

/* Begin PBXProject section */
		F3A7DC0C2A9FB57900496553 /* Project object */ = {
			isa = PBXProject;
			attributes = {
				BuildIndependentTargetsInParallel = 1;
				LastSwiftUpdateCheck = 1430;
				LastUpgradeCheck = 1430;
				TargetAttributes = {
					F3A7DC132A9FB57900496553 = {
						CreatedOnToolsVersion = 14.3.1;
					};
				};
			};
			buildConfigurationList = F3A7DC0F2A9FB57900496553 /* Build configuration list for PBXProject "Draft" */;
			compatibilityVersion = "Xcode 14.0";
			developmentRegion = en;
			hasScannedForEncodings = 0;
			knownRegions = (
				en,
				Base,
			);
			mainGroup = F3A7DC0B2A9FB57900496553;
			productRefGroup = F3A7DC152A9FB57900496553 /* Products */;
			projectDirPath = "";
			projectRoot = "";
			targets = (
				F3A7DC132A9FB57900496553 /* Draft */,
			);
		};
/* End PBXProject section */

/* Begin PBXResourcesBuildPhase section */
		F3A7DC122A9FB57900496553 /* Resources */ = {
			isa = PBXResourcesBuildPhase;
			buildActionMask = 2147483647;
			files = (
				F3A7DC1F2A9FB57A00496553 /* Preview Assets.xcassets in Resources */,
				F3A7DC1C2A9FB57A00496553 /* Assets.xcassets in Resources */,
			);
			runOnlyForDeploymentPostprocessing = 0;
		};
/* End PBXResourcesBuildPhase section */

/* Begin PBXSourcesBuildPhase section */
		F3A7DC102A9FB57900496553 /* Sources */ = {
			isa = PBXSourcesBuildPhase;
			buildActionMask = 2147483647;
			files = (
				F3EC57452AAEC79600E519EC /* RosterController.swift in Sources */,
				F32595532AAD771C0027DB3D /* UsersController.swift in Sources */,
				F34EEFFC2AA17618004E22AC /* ContentViewController.swift in Sources */,
				F3EC57432AAEC52800E519EC /* RostersInfo.swift in Sources */,
				F34EEFFA2AA17313004E22AC /* LeagueController.swift in Sources */,
				F32595552AAD77620027DB3D /* UsersInfo.swift in Sources */,
				F34EEFF82AA16F0C004E22AC /* LeagueInfo.swift in Sources */,
				F3A7DC1A2A9FB57900496553 /* ContentView.swift in Sources */,
				F3EC57532AAEF9DC00E519EC /* UserData.swift in Sources */,
				F3A7DC182A9FB57900496553 /* DraftApp.swift in Sources */,
			);
			runOnlyForDeploymentPostprocessing = 0;
		};
/* End PBXSourcesBuildPhase section */

/* Begin XCBuildConfiguration section */
		F3A7DC202A9FB57A00496553 /* Debug */ = {
			isa = XCBuildConfiguration;
			buildSettings = {
				ALWAYS_SEARCH_USER_PATHS = NO;
				CLANG_ANALYZER_NONNULL = YES;
				CLANG_ANALYZER_NUMBER_OBJECT_CONVERSION = YES_AGGRESSIVE;
				CLANG_CXX_LANGUAGE_STANDARD = "gnu++20";
				CLANG_ENABLE_MODULES = YES;
				CLANG_ENABLE_OBJC_ARC = YES;
				CLANG_ENABLE_OBJC_WEAK = YES;
				CLANG_WARN_BLOCK_CAPTURE_AUTORELEASING = YES;
				CLANG_WARN_BOOL_CONVERSION = YES;
				CLANG_WARN_COMMA = YES;
				CLANG_WARN_CONSTANT_CONVERSION = YES;
				CLANG_WARN_DEPRECATED_OBJC_IMPLEMENTATIONS = YES;
				CLANG_WARN_DIRECT_OBJC_ISA_USAGE = YES_ERROR;
				CLANG_WARN_DOCUMENTATION_COMMENTS = YES;
				CLANG_WARN_EMPTY_BODY = YES;
				CLANG_WARN_ENUM_CONVERSION = YES;
				CLANG_WARN_INFINITE_RECURSION = YES;
				CLANG_WARN_INT_CONVERSION = YES;
				CLANG_WARN_NON_LITERAL_NULL_CONVERSION = YES;
				CLANG_WARN_OBJC_IMPLICIT_RETAIN_SELF = YES;
				CLANG_WARN_OBJC_LITERAL_CONVERSION = YES;
				CLANG_WARN_OBJC_ROOT_CLASS = YES_ERROR;
				CLANG_WARN_QUOTED_INCLUDE_IN_FRAMEWORK_HEADER = YES;
				CLANG_WARN_RANGE_LOOP_ANALYSIS = YES;
				CLANG_WARN_STRICT_PROTOTYPES = YES;
				CLANG_WARN_SUSPICIOUS_MOVE = YES;
				CLANG_WARN_UNGUARDED_AVAILABILITY = YES_AGGRESSIVE;
				CLANG_WARN_UNREACHABLE_CODE = YES;
				CLANG_WARN__DUPLICATE_METHOD_MATCH = YES;
				COPY_PHASE_STRIP = NO;
				DEBUG_INFORMATION_FORMAT = dwarf;
				ENABLE_STRICT_OBJC_MSGSEND = YES;
				ENABLE_TESTABILITY = YES;
				GCC_C_LANGUAGE_STANDARD = gnu11;
				GCC_DYNAMIC_NO_PIC = NO;
				GCC_NO_COMMON_BLOCKS = YES;
				GCC_OPTIMIZATION_LEVEL = 0;
				GCC_PREPROCESSOR_DEFINITIONS = (
					"DEBUG=1",
					"$(inherited)",
				);
				GCC_WARN_64_TO_32_BIT_CONVERSION = YES;
				GCC_WARN_ABOUT_RETURN_TYPE = YES_ERROR;
				GCC_WARN_UNDECLARED_SELECTOR = YES;
				GCC_WARN_UNINITIALIZED_AUTOS = YES_AGGRESSIVE;
				GCC_WARN_UNUSED_FUNCTION = YES;
				GCC_WARN_UNUSED_VARIABLE = YES;
				IPHONEOS_DEPLOYMENT_TARGET = 16.4;
				MTL_ENABLE_DEBUG_INFO = INCLUDE_SOURCE;
				MTL_FAST_MATH = YES;
				ONLY_ACTIVE_ARCH = YES;
				SDKROOT = iphoneos;
				SWIFT_ACTIVE_COMPILATION_CONDITIONS = DEBUG;
				SWIFT_OPTIMIZATION_LEVEL = "-Onone";
			};
			name = Debug;
		};
		F3A7DC212A9FB57A00496553 /* Release */ = {
			isa = XCBuildConfiguration;
			buildSettings = {
				ALWAYS_SEARCH_USER_PATHS = NO;
				CLANG_ANALYZER_NONNULL = YES;
				CLANG_ANALYZER_NUMBER_OBJECT_CONVERSION = YES_AGGRESSIVE;
				CLANG_CXX_LANGUAGE_STANDARD = "gnu++20";
				CLANG_ENABLE_MODULES = YES;
				CLANG_ENABLE_OBJC_ARC = YES;
				CLANG_ENABLE_OBJC_WEAK = YES;
				CLANG_WARN_BLOCK_CAPTURE_AUTORELEASING = YES;
				CLANG_WARN_BOOL_CONVERSION = YES;
				CLANG_WARN_COMMA = YES;
				CLANG_WARN_CONSTANT_CONVERSION = YES;
				CLANG_WARN_DEPRECATED_OBJC_IMPLEMENTATIONS = YES;
				CLANG_WARN_DIRECT_OBJC_ISA_USAGE = YES_ERROR;
				CLANG_WARN_DOCUMENTATION_COMMENTS = YES;
				CLANG_WARN_EMPTY_BODY = YES;
				CLANG_WARN_ENUM_CONVERSION = YES;
				CLANG_WARN_INFINITE_RECURSION = YES;
				CLANG_WARN_INT_CONVERSION = YES;
				CLANG_WARN_NON_LITERAL_NULL_CONVERSION = YES;
				CLANG_WARN_OBJC_IMPLICIT_RETAIN_SELF = YES;
				CLANG_WARN_OBJC_LITERAL_CONVERSION = YES;
				CLANG_WARN_OBJC_ROOT_CLASS = YES_ERROR;
				CLANG_WARN_QUOTED_INCLUDE_IN_FRAMEWORK_HEADER = YES;
				CLANG_WARN_RANGE_LOOP_ANALYSIS = YES;
				CLANG_WARN_STRICT_PROTOTYPES = YES;
				CLANG_WARN_SUSPICIOUS_MOVE = YES;
				CLANG_WARN_UNGUARDED_AVAILABILITY = YES_AGGRESSIVE;
				CLANG_WARN_UNREACHABLE_CODE = YES;
				CLANG_WARN__DUPLICATE_METHOD_MATCH = YES;
				COPY_PHASE_STRIP = NO;
				DEBUG_INFORMATION_FORMAT = "dwarf-with-dsym";
				ENABLE_NS_ASSERTIONS = NO;
				ENABLE_STRICT_OBJC_MSGSEND = YES;
				GCC_C_LANGUAGE_STANDARD = gnu11;
				GCC_NO_COMMON_BLOCKS = YES;
				GCC_WARN_64_TO_32_BIT_CONVERSION = YES;
				GCC_WARN_ABOUT_RETURN_TYPE = YES_ERROR;
				GCC_WARN_UNDECLARED_SELECTOR = YES;
				GCC_WARN_UNINITIALIZED_AUTOS = YES_AGGRESSIVE;
				GCC_WARN_UNUSED_FUNCTION = YES;
				GCC_WARN_UNUSED_VARIABLE = YES;
				IPHONEOS_DEPLOYMENT_TARGET = 16.4;
				MTL_ENABLE_DEBUG_INFO = NO;
				MTL_FAST_MATH = YES;
				SDKROOT = iphoneos;
				SWIFT_COMPILATION_MODE = wholemodule;
				SWIFT_OPTIMIZATION_LEVEL = "-O";
				VALIDATE_PRODUCT = YES;
			};
			name = Release;
		};
		F3A7DC232A9FB57A00496553 /* Debug */ = {
			isa = XCBuildConfiguration;
			buildSettings = {
				ASSETCATALOG_COMPILER_APPICON_NAME = AppIcon;
				ASSETCATALOG_COMPILER_GLOBAL_ACCENT_COLOR_NAME = AccentColor;
				CODE_SIGN_STYLE = Automatic;
				CURRENT_PROJECT_VERSION = 1;
				DEVELOPMENT_ASSET_PATHS = "\"Draft/Preview Content\"";
				ENABLE_PREVIEWS = YES;
				GENERATE_INFOPLIST_FILE = YES;
				INFOPLIST_KEY_UIApplicationSceneManifest_Generation = YES;
				INFOPLIST_KEY_UIApplicationSupportsIndirectInputEvents = YES;
				INFOPLIST_KEY_UILaunchScreen_Generation = YES;
				INFOPLIST_KEY_UISupportedInterfaceOrientations_iPad = "UIInterfaceOrientationPortrait UIInterfaceOrientationPortraitUpsideDown UIInterfaceOrientationLandscapeLeft UIInterfaceOrientationLandscapeRight";
				INFOPLIST_KEY_UISupportedInterfaceOrientations_iPhone = "UIInterfaceOrientationPortrait UIInterfaceOrientationLandscapeLeft UIInterfaceOrientationLandscapeRight";
				LD_RUNPATH_SEARCH_PATHS = (
					"$(inherited)",
					"@executable_path/Frameworks",
				);
				MARKETING_VERSION = 1.0;
				PRODUCT_BUNDLE_IDENTIFIER = com.example.Draft;
				PRODUCT_NAME = "$(TARGET_NAME)";
				SWIFT_EMIT_LOC_STRINGS = YES;
				SWIFT_VERSION = 5.0;
				TARGETED_DEVICE_FAMILY = "1,2";
			};
			name = Debug;
		};
		F3A7DC242A9FB57A00496553 /* Release */ = {
			isa = XCBuildConfiguration;
			buildSettings = {
				ASSETCATALOG_COMPILER_APPICON_NAME = AppIcon;
				ASSETCATALOG_COMPILER_GLOBAL_ACCENT_COLOR_NAME = AccentColor;
				CODE_SIGN_STYLE = Automatic;
				CURRENT_PROJECT_VERSION = 1;
				DEVELOPMENT_ASSET_PATHS = "\"Draft/Preview Content\"";
				ENABLE_PREVIEWS = YES;
				GENERATE_INFOPLIST_FILE = YES;
				INFOPLIST_KEY_UIApplicationSceneManifest_Generation = YES;
				INFOPLIST_KEY_UIApplicationSupportsIndirectInputEvents = YES;
				INFOPLIST_KEY_UILaunchScreen_Generation = YES;
				INFOPLIST_KEY_UISupportedInterfaceOrientations_iPad = "UIInterfaceOrientationPortrait UIInterfaceOrientationPortraitUpsideDown UIInterfaceOrientationLandscapeLeft UIInterfaceOrientationLandscapeRight";
				INFOPLIST_KEY_UISupportedInterfaceOrientations_iPhone = "UIInterfaceOrientationPortrait UIInterfaceOrientationLandscapeLeft UIInterfaceOrientationLandscapeRight";
				LD_RUNPATH_SEARCH_PATHS = (
					"$(inherited)",
					"@executable_path/Frameworks",
				);
				MARKETING_VERSION = 1.0;
				PRODUCT_BUNDLE_IDENTIFIER = com.example.Draft;
				PRODUCT_NAME = "$(TARGET_NAME)";
				SWIFT_EMIT_LOC_STRINGS = YES;
				SWIFT_VERSION = 5.0;
				TARGETED_DEVICE_FAMILY = "1,2";
			};
			name = Release;
		};
/* End XCBuildConfiguration section */

/* Begin XCConfigurationList section */
		F3A7DC0F2A9FB57900496553 /* Build configuration list for PBXProject "Draft" */ = {
			isa = XCConfigurationList;
			buildConfigurations = (
				F3A7DC202A9FB57A00496553 /* Debug */,
				F3A7DC212A9FB57A00496553 /* Release */,
			);
			defaultConfigurationIsVisible = 0;
			defaultConfigurationName = Release;
		};
		F3A7DC222A9FB57A00496553 /* Build configuration list for PBXNativeTarget "Draft" */ = {
			isa = XCConfigurationList;
			buildConfigurations = (
				F3A7DC232A9FB57A00496553 /* Debug */,
				F3A7DC242A9FB57A00496553 /* Release */,
			);
			defaultConfigurationIsVisible = 0;
			defaultConfigurationName = Release;
		};
/* End XCConfigurationList section */
	};
	rootObject = F3A7DC0C2A9FB57900496553 /* Project object */;
}
